
Microsoft Visual Studio Solution File, Format Version 11.00
# Visual Studio 2010
Project("{8BC9CEB8-8B4A-11D0-8D11-00A0C91BC942}") = "01_WindowOgl", "ogl\01_WindowOgl\01_WindowOgl.vcxproj", "{71F5DDE9-DB0E-4692-A823-211E1534467C}"
EndProject
Project("{2150E333-8FDC-42A3-9474-1A3956D46DE8}") = "ogl", "ogl", "{1F8C4DA6-3BDC-46EA-BB6A-D9A87AE90850}"
EndProject
Project("{8BC9CEB8-8B4A-11D0-8D11-00A0C91BC942}") = "02_HelloDotOgl", "ogl\02_HelloDotOgl\02_HelloDotOgl.vcxproj", "{1182F888-1F7B-4B1D-907E-BED389B04D05}"
EndProject
Project("{2150E333-8FDC-42A3-9474-1A3956D46DE8}") = "dx9", "dx9", "{08464EF8-96DB-436F-8287-6312261CD10A}"
EndProject
Project("{8BC9CEB8-8B4A-11D0-8D11-00A0C91BC942}") = "01_WindowDx9", "dx9\01_Window\01_WindowDx9.vcxproj", "{CB411AEE-3F3A-4B3A-AA06-C24DF1D4D0A2}"
EndProject
Project("{8BC9CEB8-8B4A-11D0-8D11-00A0C91BC942}") = "03_SimpleTriangleOgl", "ogl\03_SimpleTriangleOgl\03_SimpleTriangleOgl.vcxproj", "{43706038-7726-45DC-A352-1A00C3166E34}"
EndProject
Project("{8BC9CEB8-8B4A-11D0-8D11-00A0C91BC942}") = "04_HelloShadersOgl", "ogl\04_HelloShadersOgl\04_HelloShadersOgl.vcxproj", "{21E0AF5F-23C1-4848-A6B2-023492926247}"
EndProject
Project("{8BC9CEB8-8B4A-11D0-8D11-00A0C91BC942}") = "02_HelloDotDx9", "dx9\02_HelloDotDx9\02_HelloDotDx9.vcxproj", "{3E8E3A55-DE0C-4616-8E88-4F389BD69003}"
EndProject
Project("{8BC9CEB8-8B4A-11D0-8D11-00A0C91BC942}") = "03_SimpleTriangleDx9", "dx9\03_SimpleTriangleDx9\03_SimpleTriangleDx9.vcxproj", "{5FCCA9A3-956E-4B19-B495-251784A2F95C}"
EndProject
Project("{8BC9CEB8-8B4A-11D0-8D11-00A0C91BC942}") = "05_UniformVariablesOgl", "ogl\05_UniformVariablesOgl\05_UniformVariablesOgl.vcxproj", "{FA6C6BB6-31FC-42CB-9F69-68B24F2F452D}"
EndProject
Project("{8BC9CEB8-8B4A-11D0-8D11-00A0C91BC942}") = "06_TranslationTransformationOgl", "ogl\06_TranslationTransformationOgl\06_TranslationTransformationOgl.vcxproj", "{4B3481CA-0099-4D2C-B805-F8C5D7F06035}"
EndProject
Global
	GlobalSection(SolutionConfigurationPlatforms) = preSolution
		Debug|Win32 = Debug|Win32
		Release|Win32 = Release|Win32
	EndGlobalSection
	GlobalSection(ProjectConfigurationPlatforms) = postSolution
		{71F5DDE9-DB0E-4692-A823-211E1534467C}.Debug|Win32.ActiveCfg = Debug|Win32
		{71F5DDE9-DB0E-4692-A823-211E1534467C}.Debug|Win32.Build.0 = Debug|Win32
		{71F5DDE9-DB0E-4692-A823-211E1534467C}.Release|Win32.ActiveCfg = Release|Win32
		{71F5DDE9-DB0E-4692-A823-211E1534467C}.Release|Win32.Build.0 = Release|Win32
		{1182F888-1F7B-4B1D-907E-BED389B04D05}.Debug|Win32.ActiveCfg = Debug|Win32
		{1182F888-1F7B-4B1D-907E-BED389B04D05}.Debug|Win32.Build.0 = Debug|Win32
		{1182F888-1F7B-4B1D-907E-BED389B04D05}.Release|Win32.ActiveCfg = Release|Win32
		{1182F888-1F7B-4B1D-907E-BED389B04D05}.Release|Win32.Build.0 = Release|Win32
		{CB411AEE-3F3A-4B3A-AA06-C24DF1D4D0A2}.Debug|Win32.ActiveCfg = Debug|Win32
		{CB411AEE-3F3A-4B3A-AA06-C24DF1D4D0A2}.Debug|Win32.Build.0 = Debug|Win32
		{CB411AEE-3F3A-4B3A-AA06-C24DF1D4D0A2}.Release|Win32.ActiveCfg = Release|Win32
		{CB411AEE-3F3A-4B3A-AA06-C24DF1D4D0A2}.Release|Win32.Build.0 = Release|Win32
		{43706038-7726-45DC-A352-1A00C3166E34}.Debug|Win32.ActiveCfg = Debug|Win32
		{43706038-7726-45DC-A352-1A00C3166E34}.Debug|Win32.Build.0 = Debug|Win32
		{43706038-7726-45DC-A352-1A00C3166E34}.Release|Win32.ActiveCfg = Release|Win32
		{43706038-7726-45DC-A352-1A00C3166E34}.Release|Win32.Build.0 = Release|Win32
		{21E0AF5F-23C1-4848-A6B2-023492926247}.Debug|Win32.ActiveCfg = Debug|Win32
		{21E0AF5F-23C1-4848-A6B2-023492926247}.Debug|Win32.Build.0 = Debug|Win32
		{21E0AF5F-23C1-4848-A6B2-023492926247}.Release|Win32.ActiveCfg = Release|Win32
		{21E0AF5F-23C1-4848-A6B2-023492926247}.Release|Win32.Build.0 = Release|Win32
		{3E8E3A55-DE0C-4616-8E88-4F389BD69003}.Debug|Win32.ActiveCfg = Debug|Win32
		{3E8E3A55-DE0C-4616-8E88-4F389BD69003}.Debug|Win32.Build.0 = Debug|Win32
		{3E8E3A55-DE0C-4616-8E88-4F389BD69003}.Release|Win32.ActiveCfg = Release|Win32
		{3E8E3A55-DE0C-4616-8E88-4F389BD69003}.Release|Win32.Build.0 = Release|Win32
		{5FCCA9A3-956E-4B19-B495-251784A2F95C}.Debug|Win32.ActiveCfg = Debug|Win32
		{5FCCA9A3-956E-4B19-B495-251784A2F95C}.Debug|Win32.Build.0 = Debug|Win32
		{5FCCA9A3-956E-4B19-B495-251784A2F95C}.Release|Win32.ActiveCfg = Release|Win32
		{5FCCA9A3-956E-4B19-B495-251784A2F95C}.Release|Win32.Build.0 = Release|Win32
		{FA6C6BB6-31FC-42CB-9F69-68B24F2F452D}.Debug|Win32.ActiveCfg = Debug|Win32
		{FA6C6BB6-31FC-42CB-9F69-68B24F2F452D}.Debug|Win32.Build.0 = Debug|Win32
		{FA6C6BB6-31FC-42CB-9F69-68B24F2F452D}.Release|Win32.ActiveCfg = Release|Win32
		{FA6C6BB6-31FC-42CB-9F69-68B24F2F452D}.Release|Win32.Build.0 = Release|Win32
		{4B3481CA-0099-4D2C-B805-F8C5D7F06035}.Debug|Win32.ActiveCfg = Debug|Win32
		{4B3481CA-0099-4D2C-B805-F8C5D7F06035}.Debug|Win32.Build.0 = Debug|Win32
		{4B3481CA-0099-4D2C-B805-F8C5D7F06035}.Release|Win32.ActiveCfg = Release|Win32
		{4B3481CA-0099-4D2C-B805-F8C5D7F06035}.Release|Win32.Build.0 = Release|Win32
	EndGlobalSection
	GlobalSection(SolutionProperties) = preSolution
		HideSolutionNode = FALSE
	EndGlobalSection
	GlobalSection(NestedProjects) = preSolution
		{71F5DDE9-DB0E-4692-A823-211E1534467C} = {1F8C4DA6-3BDC-46EA-BB6A-D9A87AE90850}
		{1182F888-1F7B-4B1D-907E-BED389B04D05} = {1F8C4DA6-3BDC-46EA-BB6A-D9A87AE90850}
		{43706038-7726-45DC-A352-1A00C3166E34} = {1F8C4DA6-3BDC-46EA-BB6A-D9A87AE90850}
		{21E0AF5F-23C1-4848-A6B2-023492926247} = {1F8C4DA6-3BDC-46EA-BB6A-D9A87AE90850}
		{FA6C6BB6-31FC-42CB-9F69-68B24F2F452D} = {1F8C4DA6-3BDC-46EA-BB6A-D9A87AE90850}
		{4B3481CA-0099-4D2C-B805-F8C5D7F06035} = {1F8C4DA6-3BDC-46EA-BB6A-D9A87AE90850}
		{CB411AEE-3F3A-4B3A-AA06-C24DF1D4D0A2} = {08464EF8-96DB-436F-8287-6312261CD10A}
		{3E8E3A55-DE0C-4616-8E88-4F389BD69003} = {08464EF8-96DB-436F-8287-6312261CD10A}
		{5FCCA9A3-956E-4B19-B495-251784A2F95C} = {08464EF8-96DB-436F-8287-6312261CD10A}
	EndGlobalSection
EndGlobal
